version = 1
revision = 3
requires-python = ">=3.13"

[[package]]
name = "pgvector"
version = "0.5.0"
source = { registry = "https://pypi.org/simple" }
sdist = { url = "https://files.pythonhosted.org/packages/a7/ec/6eb80aebc728200f95229219882994c1b0585b956ca47da5edb9d062627a/pgvector-0.5.0.tar.gz", hash = "sha256:07a9dcf735696879406983afc6eba9a787cef7c0cf6c367ca1a5779f036dee74", size = 35170, upload-time = "2026-07-06T18:27:27.767Z" }
wheels = [
    { url = "https://files.pythonhosted.org/packages/5c/e4/a5573f2c579ca9ad133293bfb624148ba0893674ca4a6eeec85ced9a6a09/pgvector-0.5.0-py3-none-any.whl", hash = "sha256:fedc9800894e6da2be51358d7b7c574bf34f247ca741a5a09513622135f5964f", size = 30958, upload-time = "2026-07-06T18:27:26.797Z" },
]

[[package]]
name = "ragxiv"
version = "0.1.0"
source = { virtual = "." }
dependencies = [
    { name = "pgvector" },
]

[package.metadata]
requires-dist = [{ name = "pgvector", specifier = ">=0.5.0" }]
